
Microsoft Visual Studio Solution File, Format Version 12.00
# Visual Studio Version 17
VisualStudioVersion = 17.8.34330.188
MinimumVisualStudioVersion = 10.0.40219.1
Project("{54A90642-561A-4BB1-A94E-469ADEE60C69}") = "specklerenderingglitch", "..\SpeckleRenderingGlitch\specklerenderingglitch.esproj", "{A444DF5F-1D12-47C0-894F-E6242210D24B}"
EndProject
Global
	GlobalSection(SolutionConfigurationPlatforms) = preSolution
		Debug|Any CPU = Debug|Any CPU
		Release|Any CPU = Release|Any CPU
	EndGlobalSection
	GlobalSection(ProjectConfigurationPlatforms) = postSolution
		{A444DF5F-1D12-47C0-894F-E6242210D24B}.Debug|Any CPU.ActiveCfg = Debug|Any CPU
		{A444DF5F-1D12-47C0-894F-E6242210D24B}.Debug|Any CPU.Build.0 = Debug|Any CPU
		{A444DF5F-1D12-47C0-894F-E6242210D24B}.Debug|Any CPU.Deploy.0 = Debug|Any CPU
		{A444DF5F-1D12-47C0-894F-E6242210D24B}.Release|Any CPU.ActiveCfg = Release|Any CPU
		{A444DF5F-1D12-47C0-894F-E6242210D24B}.Release|Any CPU.Build.0 = Release|Any CPU
		{A444DF5F-1D12-47C0-894F-E6242210D24B}.Release|Any CPU.Deploy.0 = Release|Any CPU
	EndGlobalSection
	GlobalSection(SolutionProperties) = preSolution
		HideSolutionNode = FALSE
	EndGlobalSection
	GlobalSection(ExtensibilityGlobals) = postSolution
		SolutionGuid = {347C018F-FD0B-4FFA-A87F-F4D5B44CB9F2}
	EndGlobalSection
EndGlobal
